# THIS IS AN AUTOGENERATED FILE. DO NOT EDIT THIS FILE DIRECTLY.
# yarn lockfile v1


"@tanstack/query-core@5.49.1":
  version "5.49.1"
  resolved "https://registry.yarnpkg.com/@tanstack/query-core/-/query-core-5.49.1.tgz#09167842123eddaf47465376f3c835cf59b9f1e9"
  integrity sha512-JnC9ndmD1KKS01Rt/ovRUB1tmwO7zkyXAyIxN9mznuJrcNtOrkmOnQqdJF2ib9oHzc2VxHomnEG7xyfo54Npkw==

"@tanstack/react-query@^5.49.2":
  version "5.49.2"
  resolved "https://registry.yarnpkg.com/@tanstack/react-query/-/react-query-5.49.2.tgz#d9c08f8eb62890f5274608f8954ab1709912ef3c"
  integrity sha512-6rfwXDK9BvmHISbNFuGd+wY3P44lyW7lWiA9vIFGT/T0P9aHD1VkjTvcM4SDAIbAQ9ygEZZoLt7dlU1o3NjMVA==
  dependencies:
    "@tanstack/query-core" "5.49.1"
